
Microsoft Visual Studio Solution File, Format Version 12.00
# Visual Studio 15
VisualStudioVersion = 15.0.28307.645
MinimumVisualStudioVersion = 10.0.40219.1
Project("{9092AA53-FB77-4645-B42D-1CCCA6BD08BD}") = "ExpressApp3", "ExpressApp3\ExpressApp3.njsproj", "{55C729E0-9F0E-41C2-AC7C-446BCFDCEA39}"
EndProject
Global
	GlobalSection(SolutionConfigurationPlatforms) = preSolution
		Debug|Any CPU = Debug|Any CPU
		Release|Any CPU = Release|Any CPU
	EndGlobalSection
	GlobalSection(ProjectConfigurationPlatforms) = postSolution
		{55C729E0-9F0E-41C2-AC7C-446BCFDCEA39}.Debug|Any CPU.ActiveCfg = Debug|Any CPU
		{55C729E0-9F0E-41C2-AC7C-446BCFDCEA39}.Debug|Any CPU.Build.0 = Debug|Any CPU
		{55C729E0-9F0E-41C2-AC7C-446BCFDCEA39}.Release|Any CPU.ActiveCfg = Release|Any CPU
		{55C729E0-9F0E-41C2-AC7C-446BCFDCEA39}.Release|Any CPU.Build.0 = Release|Any CPU
	EndGlobalSection
	GlobalSection(SolutionProperties) = preSolution
		HideSolutionNode = FALSE
	EndGlobalSection
	GlobalSection(ExtensibilityGlobals) = postSolution
		SolutionGuid = {8E136784-BF6D-48AB-B0E3-A346E5BD886B}
	EndGlobalSection
EndGlobal
